PODS:
  - Flutter (1.0.0)
  - flutter_store_listing (0.0.1):
    - Flutter
  - package_info (0.0.1):
    - Flutter
  - url_launcher (0.0.1):
    - Flutter

DEPENDENCIES:
  - Flutter (from `.symlinks/flutter/ios-release`)
  - flutter_store_listing (from `.symlinks/plugins/flutter_store_listing/ios`)
  - package_info (from `.symlinks/plugins/package_info/ios`)
  - url_launcher (from `.symlinks/plugins/url_launcher/ios`)

EXTERNAL SOURCES:
  Flutter:
    :path: ".symlinks/flutter/ios-release"
  flutter_store_listing:
    :path: ".symlinks/plugins/flutter_store_listing/ios"
  package_info:
    :path: ".symlinks/plugins/package_info/ios"
  url_launcher:
    :path: ".symlinks/plugins/url_launcher/ios"

SPEC CHECKSUMS:
  Flutter: 58dd7d1b27887414a370fcccb9e645c08ffd7a6a
  flutter_store_listing: 8a8514f63b41943433de5d684204ebf1edcbbfe4
  package_info: 78cabb3c322943c55d39676f4a5bfc748c01d055
  url_launcher: 0067ddb8f10d36786672aa0722a21717dba3a298

PODFILE CHECKSUM: e8988baac3a50f787b9d3ed7ca44957b442f92a7

COCOAPODS: 1.6.1
